// !$*UTF8*$!
{
	archiveVersion = 1;
	classes = {
	};
	objectVersion = 52;
	objects = {

/* Begin PBXBuildFile section */
		B511493024C49CE00039EBEC /* AppDelegate.swift in Sources */ = {isa = PBXBuildFile; fileRef = B511492F24C49CE00039EBEC /* AppDelegate.swift */; };
		B511493224C49CE00039EBEC /* SceneDelegate.swift in Sources */ = {isa = PBXBuildFile; fileRef = B511493124C49CE00039EBEC /* SceneDelegate.swift */; };
		B511493424C49CE00039EBEC /* ViewController.swift in Sources */ = {isa = PBXBuildFile; fileRef = B511493324C49CE00039EBEC /* ViewController.swift */; };
		B511493724C49CE00039EBEC /* Main.storyboard in Resources */ = {isa = PBXBuildFile; fileRef = B511493524C49CE00039EBEC /* Main.storyboard */; };
		B511493924C49CE30039EBEC /* Assets.xcassets in Resources */ = {isa = PBXBuildFile; fileRef = B511493824C49CE30039EBEC /* Assets.xcassets */; };
		B511493C24C49CE30039EBEC /* LaunchScreen.storyboard in Resources */ = {isa = PBXBuildFile; fileRef = B511493A24C49CE30039EBEC /* LaunchScreen.storyboard */; };
		B511494524C49E330039EBEC /* Discoverable in Frameworks */ = {isa = PBXBuildFile; productRef = B511494424C49E330039EBEC /* Discoverable */; };
/* End PBXBuildFile section */

/* Begin PBXFileReference section */
		B511492C24C49CE00039EBEC /* Discoverable Client.app */ = {isa = PBXFileReference; explicitFileType = wrapper.application; includeInIndex = 0; path = "Discoverable Client.app"; sourceTree = BUILT_PRODUCTS_DIR; };
		B511492F24C49CE00039EBEC /* AppDelegate.swift */ = {isa = PBXFileReference; lastKnownFileType = sourcecode.swift; path = AppDelegate.swift; sourceTree = "<group>"; };
		B511493124C49CE00039EBEC /* SceneDelegate.swift */ = {isa = PBXFileReference; lastKnownFileType = sourcecode.swift; path = SceneDelegate.swift; sourceTree = "<group>"; };
		B511493324C49CE00039EBEC /* ViewController.swift */ = {isa = PBXFileReference; lastKnownFileType = sourcecode.swift; path = ViewController.swift; sourceTree = "<group>"; };
		B511493624C49CE00039EBEC /* Base */ = {isa = PBXFileReference; lastKnownFileType = file.storyboard; name = Base; path = Base.lproj/Main.storyboard; sourceTree = "<group>"; };
		B511493824C49CE30039EBEC /* Assets.xcassets */ = {isa = PBXFileReference; lastKnownFileType = folder.assetcatalog; path = Assets.xcassets; sourceTree = "<group>"; };
		B511493B24C49CE30039EBEC /* Base */ = {isa = PBXFileReference; lastKnownFileType = file.storyboard; name = Base; path = Base.lproj/LaunchScreen.storyboard; sourceTree = "<group>"; };
		B511493D24C49CE30039EBEC /* Info.plist */ = {isa = PBXFileReference; lastKnownFileType = text.plist.xml; path = Info.plist; sourceTree = "<group>"; };
/* End PBXFileReference section */

/* Begin PBXFrameworksBuildPhase section */
		B511492924C49CE00039EBEC /* Frameworks */ = {
			isa = PBXFrameworksBuildPhase;
			buildActionMask = 2147483647;
			files = (
				B511494524C49E330039EBEC /* Discoverable in Frameworks */,
			);
			runOnlyForDeploymentPostprocessing = 0;
		};
/* End PBXFrameworksBuildPhase section */

/* Begin PBXGroup section */
		B511492324C49CE00039EBEC = {
			isa = PBXGroup;
			children = (
				B511492E24C49CE00039EBEC /* Discoverable Client */,
				B511492D24C49CE00039EBEC /* Products */,
			);
			sourceTree = "<group>";
		};
		B511492D24C49CE00039EBEC /* Products */ = {
			isa = PBXGroup;
			children = (
				B511492C24C49CE00039EBEC /* Discoverable Client.app */,
			);
			name = Products;
			sourceTree = "<group>";
		};
		B511492E24C49CE00039EBEC /* Discoverable Client */ = {
			isa = PBXGroup;
			children = (
				B511492F24C49CE00039EBEC /* AppDelegate.swift */,
				B511493124C49CE00039EBEC /* SceneDelegate.swift */,
				B511493324C49CE00039EBEC /* ViewController.swift */,
				B511493524C49CE00039EBEC /* Main.storyboard */,
				B511493824C49CE30039EBEC /* Assets.xcassets */,
				B511493A24C49CE30039EBEC /* LaunchScreen.storyboard */,
				B511493D24C49CE30039EBEC /* Info.plist */,
			);
			path = "Discoverable Client";
			sourceTree = "<group>";
		};
/* End PBXGroup section */

/* Begin PBXNativeTarget section */
		B511492B24C49CE00039EBEC /* Discoverable Client */ = {
			isa = PBXNativeTarget;
			buildConfigurationList = B511494024C49CE30039EBEC /* Build configuration list for PBXNativeTarget "Discoverable Client" */;
			buildPhases = (
				B511492824C49CE00039EBEC /* Sources */,
				B511492924C49CE00039EBEC /* Frameworks */,
				B511492A24C49CE00039EBEC /* Resources */,
			);
			buildRules = (
			);
			dependencies = (
			);
			name = "Discoverable Client";
			packageProductDependencies = (
				B511494424C49E330039EBEC /* Discoverable */,
			);
			productName = "Discoverable Client";
			productReference = B511492C24C49CE00039EBEC /* Discoverable Client.app */;
			productType = "com.apple.product-type.application";
		};
/* End PBXNativeTarget section */

/* Begin PBXProject section */
		B511492424C49CE00039EBEC /* Project object */ = {
			isa = PBXProject;
			attributes = {
				LastSwiftUpdateCheck = 1160;
				LastUpgradeCheck = 1160;
				ORGANIZATIONNAME = "Ben Mechen";
				TargetAttributes = {
					B511492B24C49CE00039EBEC = {
						CreatedOnToolsVersion = 11.6;
					};
				};
			};
			buildConfigurationList = B511492724C49CE00039EBEC /* Build configuration list for PBXProject "Discoverable Client" */;
			compatibilityVersion = "Xcode 9.3";
			developmentRegion = en;
			hasScannedForEncodings = 0;
			knownRegions = (
				en,
				Base,
			);
			mainGroup = B511492324C49CE00039EBEC;
			packageReferences = (
				B511494324C49E330039EBEC /* XCRemoteSwiftPackageReference "Discoverable" */,
			);
			productRefGroup = B511492D24C49CE00039EBEC /* Products */;
			projectDirPath = "";
			projectRoot = "";
			targets = (
				B511492B24C49CE00039EBEC /* Discoverable Client */,
			);
		};
/* End PBXProject section */

/* Begin PBXResourcesBuildPhase section */
		B511492A24C49CE00039EBEC /* Resources */ = {
			isa = PBXResourcesBuildPhase;
			buildActionMask = 2147483647;
			files = (
				B511493C24C49CE30039EBEC /* LaunchScreen.storyboard in Resources */,
				B511493924C49CE30039EBEC /* Assets.xcassets in Resources */,
				B511493724C49CE00039EBEC /* Main.storyboard in Resources */,
			);
			runOnlyForDeploymentPostprocessing = 0;
		};
/* End PBXResourcesBuildPhase section */

/* Begin PBXSourcesBuildPhase section */
		B511492824C49CE00039EBEC /* Sources */ = {
			isa = PBXSourcesBuildPhase;
			buildActionMask = 2147483647;
			files = (
				B511493424C49CE00039EBEC /* ViewController.swift in Sources */,
				B511493024C49CE00039EBEC /* AppDelegate.swift in Sources */,
				B511493224C49CE00039EBEC /* SceneDelegate.swift in Sources */,
			);
			runOnlyForDeploymentPostprocessing = 0;
		};
/* End PBXSourcesBuildPhase section */

/* Begin PBXVariantGroup section */
		B511493524C49CE00039EBEC /* Main.storyboard */ = {
			isa = PBXVariantGroup;
			children = (
				B511493624C49CE00039EBEC /* Base */,
			);
			name = Main.storyboard;
			sourceTree = "<group>";
		};
		B511493A24C49CE30039EBEC /* LaunchScreen.storyboard */ = {
			isa = PBXVariantGroup;
			children = (
				B511493B24C49CE30039EBEC /* Base */,
			);
			name = LaunchScreen.storyboard;
			sourceTree = "<group>";
		};
/* End PBXVariantGroup section */

/* Begin XCBuildConfiguration section */
		B511493E24C49CE30039EBEC /* Debug */ = {
			isa = XCBuildConfiguration;
			buildSettings = {
				ALWAYS_SEARCH_USER_PATHS = NO;
				CLANG_ANALYZER_NONNULL = YES;
				CLANG_ANALYZER_NUMBER_OBJECT_CONVERSION = YES_AGGRESSIVE;
				CLANG_CXX_LANGUAGE_STANDARD = "gnu++14";
				CLANG_CXX_LIBRARY = "libc++";
				CLANG_ENABLE_MODULES = YES;
				CLANG_ENABLE_OBJC_ARC = YES;
				CLANG_ENABLE_OBJC_WEAK = YES;
				CLANG_WARN_BLOCK_CAPTURE_AUTORELEASING = YES;
				CLANG_WARN_BOOL_CONVERSION = YES;
				CLANG_WARN_COMMA = YES;
				CLANG_WARN_CONSTANT_CONVERSION = YES;
				CLANG_WARN_DEPRECATED_OBJC_IMPLEMENTATIONS = YES;
				CLANG_WARN_DIRECT_OBJC_ISA_USAGE = YES_ERROR;
				CLANG_WARN_DOCUMENTATION_COMMENTS = YES;
				CLANG_WARN_EMPTY_BODY = YES;
				CLANG_WARN_ENUM_CONVERSION = YES;
				CLANG_WARN_INFINITE_RECURSION = YES;
				CLANG_WARN_INT_CONVERSION = YES;
				CLANG_WARN_NON_LITERAL_NULL_CONVERSION = YES;
				CLANG_WARN_OBJC_IMPLICIT_RETAIN_SELF = YES;
				CLANG_WARN_OBJC_LITERAL_CONVERSION = YES;
				CLANG_WARN_OBJC_ROOT_CLASS = YES_ERROR;
				CLANG_WARN_RANGE_LOOP_ANALYSIS = YES;
				CLANG_WARN_STRICT_PROTOTYPES = YES;
				CLANG_WARN_SUSPICIOUS_MOVE = YES;
				CLANG_WARN_UNGUARDED_AVAILABILITY = YES_AGGRESSIVE;
				CLANG_WARN_UNREACHABLE_CODE = YES;
				CLANG_WARN__DUPLICATE_METHOD_MATCH = YES;
				COPY_PHASE_STRIP = NO;
				DEBUG_INFORMATION_FORMAT = dwarf;
				ENABLE_STRICT_OBJC_MSGSEND = YES;
				ENABLE_TESTABILITY = YES;
				GCC_C_LANGUAGE_STANDARD = gnu11;
				GCC_DYNAMIC_NO_PIC = NO;
				GCC_NO_COMMON_BLOCKS = YES;
				GCC_OPTIMIZATION_LEVEL = 0;
				GCC_PREPROCESSOR_DEFINITIONS = (
					"DEBUG=1",
					"$(inherited)",
				);
				GCC_WARN_64_TO_32_BIT_CONVERSION = YES;
				GCC_WARN_ABOUT_RETURN_TYPE = YES_ERROR;
				GCC_WARN_UNDECLARED_SELECTOR = YES;
				GCC_WARN_UNINITIALIZED_AUTOS = YES_AGGRESSIVE;
				GCC_WARN_UNUSED_FUNCTION = YES;
				GCC_WARN_UNUSED_VARIABLE = YES;
				IPHONEOS_DEPLOYMENT_TARGET = 13.0;
				MTL_ENABLE_DEBUG_INFO = INCLUDE_SOURCE;
				MTL_FAST_MATH = YES;
				ONLY_ACTIVE_ARCH = YES;
				SDKROOT = iphoneos;
				SWIFT_ACTIVE_COMPILATION_CONDITIONS = DEBUG;
				SWIFT_OPTIMIZATION_LEVEL = "-Onone";
			};
			name = Debug;
		};
		B511493F24C49CE30039EBEC /* Release */ = {
			isa = XCBuildConfiguration;
			buildSettings = {
				ALWAYS_SEARCH_USER_PATHS = NO;
				CLANG_ANALYZER_NONNULL = YES;
				CLANG_ANALYZER_NUMBER_OBJECT_CONVERSION = YES_AGGRESSIVE;
				CLANG_CXX_LANGUAGE_STANDARD = "gnu++14";
				CLANG_CXX_LIBRARY = "libc++";
				CLANG_ENABLE_MODULES = YES;
				CLANG_ENABLE_OBJC_ARC = YES;
				CLANG_ENABLE_OBJC_WEAK = YES;
				CLANG_WARN_BLOCK_CAPTURE_AUTORELEASING = YES;
				CLANG_WARN_BOOL_CONVERSION = YES;
				CLANG_WARN_COMMA = YES;
				CLANG_WARN_CONSTANT_CONVERSION = YES;
				CLANG_WARN_DEPRECATED_OBJC_IMPLEMENTATIONS = YES;
				CLANG_WARN_DIRECT_OBJC_ISA_USAGE = YES_ERROR;
				CLANG_WARN_DOCUMENTATION_COMMENTS = YES;
				CLANG_WARN_EMPTY_BODY = YES;
				CLANG_WARN_ENUM_CONVERSION = YES;
				CLANG_WARN_INFINITE_RECURSION = YES;
				CLANG_WARN_INT_CONVERSION = YES;
				CLANG_WARN_NON_LITERAL_NULL_CONVERSION = YES;
				CLANG_WARN_OBJC_IMPLICIT_RETAIN_SELF = YES;
				CLANG_WARN_OBJC_LITERAL_CONVERSION = YES;
				CLANG_WARN_OBJC_ROOT_CLASS = YES_ERROR;
				CLANG_WARN_RANGE_LOOP_ANALYSIS = YES;
				CLANG_WARN_STRICT_PROTOTYPES = YES;
				CLANG_WARN_SUSPICIOUS_MOVE = YES;
				CLANG_WARN_UNGUARDED_AVAILABILITY = YES_AGGRESSIVE;
				CLANG_WARN_UNREACHABLE_CODE = YES;
				CLANG_WARN__DUPLICATE_METHOD_MATCH = YES;
				COPY_PHASE_STRIP = NO;
				DEBUG_INFORMATION_FORMAT = "dwarf-with-dsym";
				ENABLE_NS_ASSERTIONS = NO;
				ENABLE_STRICT_OBJC_MSGSEND = YES;
				GCC_C_LANGUAGE_STANDARD = gnu11;
				GCC_NO_COMMON_BLOCKS = YES;
				GCC_WARN_64_TO_32_BIT_CONVERSION = YES;
				GCC_WARN_ABOUT_RETURN_TYPE = YES_ERROR;
				GCC_WARN_UNDECLARED_SELECTOR = YES;
				GCC_WARN_UNINITIALIZED_AUTOS = YES_AGGRESSIVE;
				GCC_WARN_UNUSED_FUNCTION = YES;
				GCC_WARN_UNUSED_VARIABLE = YES;
				IPHONEOS_DEPLOYMENT_TARGET = 13.0;
				MTL_ENABLE_DEBUG_INFO = NO;
				MTL_FAST_MATH = YES;
				SDKROOT = iphoneos;
				SWIFT_COMPILATION_MODE = wholemodule;
				SWIFT_OPTIMIZATION_LEVEL = "-O";
				VALIDATE_PRODUCT = YES;
			};
			name = Release;
		};
		B511494124C49CE30039EBEC /* Debug */ = {
			isa = XCBuildConfiguration;
			buildSettings = {
				ASSETCATALOG_COMPILER_APPICON_NAME = AppIcon;
				CODE_SIGN_STYLE = Automatic;
				DEVELOPMENT_TEAM = 52835DXEU6;
				INFOPLIST_FILE = "Discoverable Client/Info.plist";
				LD_RUNPATH_SEARCH_PATHS = (
					"$(inherited)",
					"@executable_path/Frameworks",
				);
				PRODUCT_BUNDLE_IDENTIFIER = "com.benmechen.Discoverable-Client";
				PRODUCT_NAME = "$(TARGET_NAME)";
				SWIFT_VERSION = 5.0;
				TARGETED_DEVICE_FAMILY = "1,2";
			};
			name = Debug;
		};
		B511494224C49CE30039EBEC /* Release */ = {
			isa = XCBuildConfiguration;
			buildSettings = {
				ASSETCATALOG_COMPILER_APPICON_NAME = AppIcon;
				CODE_SIGN_STYLE = Automatic;
				DEVELOPMENT_TEAM = 52835DXEU6;
				INFOPLIST_FILE = "Discoverable Client/Info.plist";
				LD_RUNPATH_SEARCH_PATHS = (
					"$(inherited)",
					"@executable_path/Frameworks",
				);
				PRODUCT_BUNDLE_IDENTIFIER = "com.benmechen.Discoverable-Client";
				PRODUCT_NAME = "$(TARGET_NAME)";
				SWIFT_VERSION = 5.0;
				TARGETED_DEVICE_FAMILY = "1,2";
			};
			name = Release;
		};
/* End XCBuildConfiguration section */

/* Begin XCConfigurationList section */
		B511492724C49CE00039EBEC /* Build configuration list for PBXProject "Discoverable Client" */ = {
			isa = XCConfigurationList;
			buildConfigurations = (
				B511493E24C49CE30039EBEC /* Debug */,
				B511493F24C49CE30039EBEC /* Release */,
			);
			defaultConfigurationIsVisible = 0;
			defaultConfigurationName = Release;
		};
		B511494024C49CE30039EBEC /* Build configuration list for PBXNativeTarget "Discoverable Client" */ = {
			isa = XCConfigurationList;
			buildConfigurations = (
				B511494124C49CE30039EBEC /* Debug */,
				B511494224C49CE30039EBEC /* Release */,
			);
			defaultConfigurationIsVisible = 0;
			defaultConfigurationName = Release;
		};
/* End XCConfigurationList section */

/* Begin XCRemoteSwiftPackageReference section */
		B511494324C49E330039EBEC /* XCRemoteSwiftPackageReference "Discoverable" */ = {
			isa = XCRemoteSwiftPackageReference;
			repositoryURL = "https://github.com/benmechen/Discoverable.git";
			requirement = {
				branch = master;
				kind = branch;
			};
		};
/* End XCRemoteSwiftPackageReference section */

/* Begin XCSwiftPackageProductDependency section */
		B511494424C49E330039EBEC /* Discoverable */ = {
			isa = XCSwiftPackageProductDependency;
			package = B511494324C49E330039EBEC /* XCRemoteSwiftPackageReference "Discoverable" */;
			productName = Discoverable;
		};
/* End XCSwiftPackageProductDependency section */
	};
	rootObject = B511492424C49CE00039EBEC /* Project object */;
}
